
Microsoft Visual Studio Solution File, Format Version 12.00
# Visual Studio Version 16
VisualStudioVersion = 16.0.32413.511
MinimumVisualStudioVersion = 10.0.40219.1
Project("{FAE04EC0-301F-11D3-BF4B-00C04F79EFBC}") = "BracingDataConverter", "BracingDataConverter.csproj", "{C1C5BC5F-894C-4529-81A5-1DB6DC90357C}"
EndProject
Global
	GlobalSection(SolutionConfigurationPlatforms) = preSolution
		Debug|Any CPU = Debug|Any CPU
		Release|Any CPU = Release|Any CPU
	EndGlobalSection
	GlobalSection(ProjectConfigurationPlatforms) = postSolution
		{C1C5BC5F-894C-4529-81A5-1DB6DC90357C}.Debug|Any CPU.ActiveCfg = Debug|Any CPU
		{C1C5BC5F-894C-4529-81A5-1DB6DC90357C}.Debug|Any CPU.Build.0 = Debug|Any CPU
		{C1C5BC5F-894C-4529-81A5-1DB6DC90357C}.Release|Any CPU.ActiveCfg = Release|Any CPU
		{C1C5BC5F-894C-4529-81A5-1DB6DC90357C}.Release|Any CPU.Build.0 = Release|Any CPU
	EndGlobalSection
	GlobalSection(SolutionProperties) = preSolution
		HideSolutionNode = FALSE
	EndGlobalSection
	GlobalSection(ExtensibilityGlobals) = postSolution
		SolutionGuid = {31F00FD0-B726-47E9-B110-167C8CC222B5}
	EndGlobalSection
EndGlobal
